
Microsoft Visual Studio Solution File, Format Version 12.00
# Visual Studio Version 17
VisualStudioVersion = 17.7.34221.43
MinimumVisualStudioVersion = 10.0.40219.1
Project("{FAE04EC0-301F-11D3-BF4B-00C04F79EFBC}") = "ConAppAssignment27Part2-27(Nov)", "ConAppAssignment27Part2-27(Nov)\ConAppAssignment27Part2-27(Nov).csproj", "{80613BE1-EA95-4A04-B56D-83DFD23F159C}"
EndProject
Global
	GlobalSection(SolutionConfigurationPlatforms) = preSolution
		Debug|Any CPU = Debug|Any CPU
		Release|Any CPU = Release|Any CPU
	EndGlobalSection
	GlobalSection(ProjectConfigurationPlatforms) = postSolution
		{80613BE1-EA95-4A04-B56D-83DFD23F159C}.Debug|Any CPU.ActiveCfg = Debug|Any CPU
		{80613BE1-EA95-4A04-B56D-83DFD23F159C}.Debug|Any CPU.Build.0 = Debug|Any CPU
		{80613BE1-EA95-4A04-B56D-83DFD23F159C}.Release|Any CPU.ActiveCfg = Release|Any CPU
		{80613BE1-EA95-4A04-B56D-83DFD23F159C}.Release|Any CPU.Build.0 = Release|Any CPU
	EndGlobalSection
	GlobalSection(SolutionProperties) = preSolution
		HideSolutionNode = FALSE
	EndGlobalSection
	GlobalSection(ExtensibilityGlobals) = postSolution
		SolutionGuid = {5DE0BA6A-25DA-4700-9D38-0ED9B1F76743}
	EndGlobalSection
EndGlobal
