
Microsoft Visual Studio Solution File, Format Version 12.00
# Visual Studio Version 17
VisualStudioVersion = 17.7.34221.43
MinimumVisualStudioVersion = 10.0.40219.1
Project("{FAE04EC0-301F-11D3-BF4B-00C04F79EFBC}") = "ConAppAssignment21-27(Nov)", "ConAppAssignment21-27(Nov)\ConAppAssignment21-27(Nov).csproj", "{24C1AA13-7686-4C0D-A0D3-D60E60B513DC}"
EndProject
Global
	GlobalSection(SolutionConfigurationPlatforms) = preSolution
		Debug|Any CPU = Debug|Any CPU
		Release|Any CPU = Release|Any CPU
	EndGlobalSection
	GlobalSection(ProjectConfigurationPlatforms) = postSolution
		{24C1AA13-7686-4C0D-A0D3-D60E60B513DC}.Debug|Any CPU.ActiveCfg = Debug|Any CPU
		{24C1AA13-7686-4C0D-A0D3-D60E60B513DC}.Debug|Any CPU.Build.0 = Debug|Any CPU
		{24C1AA13-7686-4C0D-A0D3-D60E60B513DC}.Release|Any CPU.ActiveCfg = Release|Any CPU
		{24C1AA13-7686-4C0D-A0D3-D60E60B513DC}.Release|Any CPU.Build.0 = Release|Any CPU
	EndGlobalSection
	GlobalSection(SolutionProperties) = preSolution
		HideSolutionNode = FALSE
	EndGlobalSection
	GlobalSection(ExtensibilityGlobals) = postSolution
		SolutionGuid = {2C5B15DC-0C92-4C9D-BBD7-6CD94E90BD2D}
	EndGlobalSection
EndGlobal
